// !$*UTF8*$!
{
	archiveVersion = 1;
	classes = {
	};
	objectVersion = 46;
	objects = {

/* Begin PBXBuildFile section */
		A9167E2E1AEAC10D0071B992 /* main.m in Sources */ = {isa = PBXBuildFile; fileRef = A9167E2D1AEAC10D0071B992 /* main.m */; };
		A9167E311AEAC10D0071B992 /* AppDelegate.m in Sources */ = {isa = PBXBuildFile; fileRef = A9167E301AEAC10D0071B992 /* AppDelegate.m */; };
		A9167E341AEAC10E0071B992 /* trackandbill_ios.xcdatamodeld in Sources */ = {isa = PBXBuildFile; fileRef = A9167E321AEAC10E0071B992 /* trackandbill_ios.xcdatamodeld */; };
		A9167E371AEAC10E0071B992 /* ViewController.m in Sources */ = {isa = PBXBuildFile; fileRef = A9167E361AEAC10E0071B992 /* ViewController.m */; };
		A9167E3A1AEAC10E0071B992 /* Main.storyboard in Resources */ = {isa = PBXBuildFile; fileRef = A9167E381AEAC10E0071B992 /* Main.storyboard */; };
		A9167E3C1AEAC10E0071B992 /* Images.xcassets in Resources */ = {isa = PBXBuildFile; fileRef = A9167E3B1AEAC10E0071B992 /* Images.xcassets */; };
		A9167E3F1AEAC10E0071B992 /* LaunchScreen.xib in Resources */ = {isa = PBXBuildFile; fileRef = A9167E3D1AEAC10E0071B992 /* LaunchScreen.xib */; };
		A9167E4B1AEAC10E0071B992 /* trackandbill_iosTests.m in Sources */ = {isa = PBXBuildFile; fileRef = A9167E4A1AEAC10E0071B992 /* trackandbill_iosTests.m */; };
/* End PBXBuildFile section */

/* Begin PBXContainerItemProxy section */
		A9167E451AEAC10E0071B992 /* PBXContainerItemProxy */ = {
			isa = PBXContainerItemProxy;
			containerPortal = A9167E201AEAC10D0071B992 /* Project object */;
			proxyType = 1;
			remoteGlobalIDString = A9167E271AEAC10D0071B992;
			remoteInfo = trackandbill_ios;
		};
/* End PBXContainerItemProxy section */

/* Begin PBXFileReference section */
		A9167E281AEAC10D0071B992 /* trackandbill_ios.app */ = {isa = PBXFileReference; explicitFileType = wrapper.application; includeInIndex = 0; path = trackandbill_ios.app; sourceTree = BUILT_PRODUCTS_DIR; };
		A9167E2C1AEAC10D0071B992 /* Info.plist */ = {isa = PBXFileReference; lastKnownFileType = text.plist.xml; path = Info.plist; sourceTree = "<group>"; };
		A9167E2D1AEAC10D0071B992 /* main.m */ = {isa = PBXFileReference; lastKnownFileType = sourcecode.c.objc; path = main.m; sourceTree = "<group>"; };
		A9167E2F1AEAC10D0071B992 /* AppDelegate.h */ = {isa = PBXFileReference; lastKnownFileType = sourcecode.c.h; path = AppDelegate.h; sourceTree = "<group>"; };
		A9167E301AEAC10D0071B992 /* AppDelegate.m */ = {isa = PBXFileReference; lastKnownFileType = sourcecode.c.objc; path = AppDelegate.m; sourceTree = "<group>"; };
		A9167E331AEAC10E0071B992 /* trackandbill_ios.xcdatamodel */ = {isa = PBXFileReference; lastKnownFileType = wrapper.xcdatamodel; path = trackandbill_ios.xcdatamodel; sourceTree = "<group>"; };
		A9167E351AEAC10E0071B992 /* ViewController.h */ = {isa = PBXFileReference; lastKnownFileType = sourcecode.c.h; path = ViewController.h; sourceTree = "<group>"; };
		A9167E361AEAC10E0071B992 /* ViewController.m */ = {isa = PBXFileReference; lastKnownFileType = sourcecode.c.objc; path = ViewController.m; sourceTree = "<group>"; };
		A9167E391AEAC10E0071B992 /* Base */ = {isa = PBXFileReference; lastKnownFileType = file.storyboard; name = Base; path = Base.lproj/Main.storyboard; sourceTree = "<group>"; };
		A9167E3B1AEAC10E0071B992 /* Images.xcassets */ = {isa = PBXFileReference; lastKnownFileType = folder.assetcatalog; path = Images.xcassets; sourceTree = "<group>"; };
		A9167E3E1AEAC10E0071B992 /* Base */ = {isa = PBXFileReference; lastKnownFileType = file.xib; name = Base; path = Base.lproj/LaunchScreen.xib; sourceTree = "<group>"; };
		A9167E441AEAC10E0071B992 /* trackandbill_iosTests.xctest */ = {isa = PBXFileReference; explicitFileType = wrapper.cfbundle; includeInIndex = 0; path = trackandbill_iosTests.xctest; sourceTree = BUILT_PRODUCTS_DIR; };
		A9167E491AEAC10E0071B992 /* Info.plist */ = {isa = PBXFileReference; lastKnownFileType = text.plist.xml; path = Info.plist; sourceTree = "<group>"; };
		A9167E4A1AEAC10E0071B992 /* trackandbill_iosTests.m */ = {isa = PBXFileReference; lastKnownFileType = sourcecode.c.objc; path = trackandbill_iosTests.m; sourceTree = "<group>"; };
/* End PBXFileReference section */

/* Begin PBXFrameworksBuildPhase section */
		A9167E251AEAC10D0071B992 /* Frameworks */ = {
			isa = PBXFrameworksBuildPhase;
			buildActionMask = 2147483647;
			files = (
			);
			runOnlyForDeploymentPostprocessing = 0;
		};
		A9167E411AEAC10E0071B992 /* Frameworks */ = {
			isa = PBXFrameworksBuildPhase;
			buildActionMask = 2147483647;
			files = (
			);
			runOnlyForDeploymentPostprocessing = 0;
		};
/* End PBXFrameworksBuildPhase section */

/* Begin PBXGroup section */
		A9167E1F1AEAC10D0071B992 = {
			isa = PBXGroup;
			children = (
				A9167E2A1AEAC10D0071B992 /* trackandbill_ios */,
				A9167E471AEAC10E0071B992 /* trackandbill_iosTests */,
				A9167E291AEAC10D0071B992 /* Products */,
			);
			sourceTree = "<group>";
		};
		A9167E291AEAC10D0071B992 /* Products */ = {
			isa = PBXGroup;
			children = (
				A9167E281AEAC10D0071B992 /* trackandbill_ios.app */,
				A9167E441AEAC10E0071B992 /* trackandbill_iosTests.xctest */,
			);
			name = Products;
			sourceTree = "<group>";
		};
		A9167E2A1AEAC10D0071B992 /* trackandbill_ios */ = {
			isa = PBXGroup;
			children = (
				A9167E2F1AEAC10D0071B992 /* AppDelegate.h */,
				A9167E301AEAC10D0071B992 /* AppDelegate.m */,
				A9167E351AEAC10E0071B992 /* ViewController.h */,
				A9167E361AEAC10E0071B992 /* ViewController.m */,
				A9167E381AEAC10E0071B992 /* Main.storyboard */,
				A9167E3B1AEAC10E0071B992 /* Images.xcassets */,
				A9167E3D1AEAC10E0071B992 /* LaunchScreen.xib */,
				A9167E321AEAC10E0071B992 /* trackandbill_ios.xcdatamodeld */,
				A9167E2B1AEAC10D0071B992 /* Supporting Files */,
			);
			path = trackandbill_ios;
			sourceTree = "<group>";
		};
		A9167E2B1AEAC10D0071B992 /* Supporting Files */ = {
			isa = PBXGroup;
			children = (
				A9167E2C1AEAC10D0071B992 /* Info.plist */,
				A9167E2D1AEAC10D0071B992 /* main.m */,
			);
			name = "Supporting Files";
			sourceTree = "<group>";
		};
		A9167E471AEAC10E0071B992 /* trackandbill_iosTests */ = {
			isa = PBXGroup;
			children = (
				A9167E4A1AEAC10E0071B992 /* trackandbill_iosTests.m */,
				A9167E481AEAC10E0071B992 /* Supporting Files */,
			);
			path = trackandbill_iosTests;
			sourceTree = "<group>";
		};
		A9167E481AEAC10E0071B992 /* Supporting Files */ = {
			isa = PBXGroup;
			children = (
				A9167E491AEAC10E0071B992 /* Info.plist */,
			);
			name = "Supporting Files";
			sourceTree = "<group>";
		};
/* End PBXGroup section */

/* Begin PBXNativeTarget section */
		A9167E271AEAC10D0071B992 /* trackandbill_ios */ = {
			isa = PBXNativeTarget;
			buildConfigurationList = A9167E4E1AEAC10E0071B992 /* Build configuration list for PBXNativeTarget "trackandbill_ios" */;
			buildPhases = (
				A9167E241AEAC10D0071B992 /* Sources */,
				A9167E251AEAC10D0071B992 /* Frameworks */,
				A9167E261AEAC10D0071B992 /* Resources */,
			);
			buildRules = (
			);
			dependencies = (
			);
			name = trackandbill_ios;
			productName = trackandbill_ios;
			productReference = A9167E281AEAC10D0071B992 /* trackandbill_ios.app */;
			productType = "com.apple.product-type.application";
		};
		A9167E431AEAC10E0071B992 /* trackandbill_iosTests */ = {
			isa = PBXNativeTarget;
			buildConfigurationList = A9167E511AEAC10E0071B992 /* Build configuration list for PBXNativeTarget "trackandbill_iosTests" */;
			buildPhases = (
				A9167E401AEAC10E0071B992 /* Sources */,
				A9167E411AEAC10E0071B992 /* Frameworks */,
				A9167E421AEAC10E0071B992 /* Resources */,
			);
			buildRules = (
			);
			dependencies = (
				A9167E461AEAC10E0071B992 /* PBXTargetDependency */,
			);
			name = trackandbill_iosTests;
			productName = trackandbill_iosTests;
			productReference = A9167E441AEAC10E0071B992 /* trackandbill_iosTests.xctest */;
			productType = "com.apple.product-type.bundle.unit-test";
		};
/* End PBXNativeTarget section */

/* Begin PBXProject section */
		A9167E201AEAC10D0071B992 /* Project object */ = {
			isa = PBXProject;
			attributes = {
				LastUpgradeCheck = 0630;
				ORGANIZATIONNAME = loudsoftware;
				TargetAttributes = {
					A9167E271AEAC10D0071B992 = {
						CreatedOnToolsVersion = 6.3;
					};
					A9167E431AEAC10E0071B992 = {
						CreatedOnToolsVersion = 6.3;
						TestTargetID = A9167E271AEAC10D0071B992;
					};
				};
			};
			buildConfigurationList = A9167E231AEAC10D0071B992 /* Build configuration list for PBXProject "trackandbill_ios" */;
			compatibilityVersion = "Xcode 3.2";
			developmentRegion = English;
			hasScannedForEncodings = 0;
			knownRegions = (
				en,
				Base,
			);
			mainGroup = A9167E1F1AEAC10D0071B992;
			productRefGroup = A9167E291AEAC10D0071B992 /* Products */;
			projectDirPath = "";
			projectRoot = "";
			targets = (
				A9167E271AEAC10D0071B992 /* trackandbill_ios */,
				A9167E431AEAC10E0071B992 /* trackandbill_iosTests */,
			);
		};
/* End PBXProject section */

/* Begin PBXResourcesBuildPhase section */
		A9167E261AEAC10D0071B992 /* Resources */ = {
			isa = PBXResourcesBuildPhase;
			buildActionMask = 2147483647;
			files = (
				A9167E3A1AEAC10E0071B992 /* Main.storyboard in Resources */,
				A9167E3F1AEAC10E0071B992 /* LaunchScreen.xib in Resources */,
				A9167E3C1AEAC10E0071B992 /* Images.xcassets in Resources */,
			);
			runOnlyForDeploymentPostprocessing = 0;
		};
		A9167E421AEAC10E0071B992 /* Resources */ = {
			isa = PBXResourcesBuildPhase;
			buildActionMask = 2147483647;
			files = (
			);
			runOnlyForDeploymentPostprocessing = 0;
		};
/* End PBXResourcesBuildPhase section */

/* Begin PBXSourcesBuildPhase section */
		A9167E241AEAC10D0071B992 /* Sources */ = {
			isa = PBXSourcesBuildPhase;
			buildActionMask = 2147483647;
			files = (
				A9167E341AEAC10E0071B992 /* trackandbill_ios.xcdatamodeld in Sources */,
				A9167E311AEAC10D0071B992 /* AppDelegate.m in Sources */,
				A9167E371AEAC10E0071B992 /* ViewController.m in Sources */,
				A9167E2E1AEAC10D0071B992 /* main.m in Sources */,
			);
			runOnlyForDeploymentPostprocessing = 0;
		};
		A9167E401AEAC10E0071B992 /* Sources */ = {
			isa = PBXSourcesBuildPhase;
			buildActionMask = 2147483647;
			files = (
				A9167E4B1AEAC10E0071B992 /* trackandbill_iosTests.m in Sources */,
			);
			runOnlyForDeploymentPostprocessing = 0;
		};
/* End PBXSourcesBuildPhase section */

/* Begin PBXTargetDependency section */
		A9167E461AEAC10E0071B992 /* PBXTargetDependency */ = {
			isa = PBXTargetDependency;
			target = A9167E271AEAC10D0071B992 /* trackandbill_ios */;
			targetProxy = A9167E451AEAC10E0071B992 /* PBXContainerItemProxy */;
		};
/* End PBXTargetDependency section */

/* Begin PBXVariantGroup section */
		A9167E381AEAC10E0071B992 /* Main.storyboard */ = {
			isa = PBXVariantGroup;
			children = (
				A9167E391AEAC10E0071B992 /* Base */,
			);
			name = Main.storyboard;
			sourceTree = "<group>";
		};
		A9167E3D1AEAC10E0071B992 /* LaunchScreen.xib */ = {
			isa = PBXVariantGroup;
			children = (
				A9167E3E1AEAC10E0071B992 /* Base */,
			);
			name = LaunchScreen.xib;
			sourceTree = "<group>";
		};
/* End PBXVariantGroup section */

/* Begin XCBuildConfiguration section */
		A9167E4C1AEAC10E0071B992 /* Debug */ = {
			isa = XCBuildConfiguration;
			buildSettings = {
				ALWAYS_SEARCH_USER_PATHS = NO;
				CLANG_CXX_LANGUAGE_STANDARD = "gnu++0x";
				CLANG_CXX_LIBRARY = "libc++";
				CLANG_ENABLE_MODULES = YES;
				CLANG_ENABLE_OBJC_ARC = YES;
				CLANG_WARN_BOOL_CONVERSION = YES;
				CLANG_WARN_CONSTANT_CONVERSION = YES;
				CLANG_WARN_DIRECT_OBJC_ISA_USAGE = YES_ERROR;
				CLANG_WARN_EMPTY_BODY = YES;
				CLANG_WARN_ENUM_CONVERSION = YES;
				CLANG_WARN_INT_CONVERSION = YES;
				CLANG_WARN_OBJC_ROOT_CLASS = YES_ERROR;
				CLANG_WARN_UNREACHABLE_CODE = YES;
				CLANG_WARN__DUPLICATE_METHOD_MATCH = YES;
				"CODE_SIGN_IDENTITY[sdk=iphoneos*]" = "iPhone Developer";
				COPY_PHASE_STRIP = NO;
				DEBUG_INFORMATION_FORMAT = "dwarf-with-dsym";
				ENABLE_STRICT_OBJC_MSGSEND = YES;
				GCC_C_LANGUAGE_STANDARD = gnu99;
				GCC_DYNAMIC_NO_PIC = NO;
				GCC_NO_COMMON_BLOCKS = YES;
				GCC_OPTIMIZATION_LEVEL = 0;
				GCC_PREPROCESSOR_DEFINITIONS = (
					"DEBUG=1",
					"$(inherited)",
				);
				GCC_SYMBOLS_PRIVATE_EXTERN = NO;
				GCC_WARN_64_TO_32_BIT_CONVERSION = YES;
				GCC_WARN_ABOUT_RETURN_TYPE = YES_ERROR;
				GCC_WARN_UNDECLARED_SELECTOR = YES;
				GCC_WARN_UNINITIALIZED_AUTOS = YES_AGGRESSIVE;
				GCC_WARN_UNUSED_FUNCTION = YES;
				GCC_WARN_UNUSED_VARIABLE = YES;
				IPHONEOS_DEPLOYMENT_TARGET = 8.3;
				MTL_ENABLE_DEBUG_INFO = YES;
				ONLY_ACTIVE_ARCH = YES;
				SDKROOT = iphoneos;
			};
			name = Debug;
		};
		A9167E4D1AEAC10E0071B992 /* Release */ = {
			isa = XCBuildConfiguration;
			buildSettings = {
				ALWAYS_SEARCH_USER_PATHS = NO;
				CLANG_CXX_LANGUAGE_STANDARD = "gnu++0x";
				CLANG_CXX_LIBRARY = "libc++";
				CLANG_ENABLE_MODULES = YES;
				CLANG_ENABLE_OBJC_ARC = YES;
				CLANG_WARN_BOOL_CONVERSION = YES;
				CLANG_WARN_CONSTANT_CONVERSION = YES;
				CLANG_WARN_DIRECT_OBJC_ISA_USAGE = YES_ERROR;
				CLANG_WARN_EMPTY_BODY = YES;
				CLANG_WARN_ENUM_CONVERSION = YES;
				CLANG_WARN_INT_CONVERSION = YES;
				CLANG_WARN_OBJC_ROOT_CLASS = YES_ERROR;
				CLANG_WARN_UNREACHABLE_CODE = YES;
				CLANG_WARN__DUPLICATE_METHOD_MATCH = YES;
				"CODE_SIGN_IDENTITY[sdk=iphoneos*]" = "iPhone Developer";
				COPY_PHASE_STRIP = NO;
				DEBUG_INFORMATION_FORMAT = "dwarf-with-dsym";
				ENABLE_NS_ASSERTIONS = NO;
				ENABLE_STRICT_OBJC_MSGSEND = YES;
				GCC_C_LANGUAGE_STANDARD = gnu99;
				GCC_NO_COMMON_BLOCKS = YES;
				GCC_WARN_64_TO_32_BIT_CONVERSION = YES;
				GCC_WARN_ABOUT_RETURN_TYPE = YES_ERROR;
				GCC_WARN_UNDECLARED_SELECTOR = YES;
				GCC_WARN_UNINITIALIZED_AUTOS = YES_AGGRESSIVE;
				GCC_WARN_UNUSED_FUNCTION = YES;
				GCC_WARN_UNUSED_VARIABLE = YES;
				IPHONEOS_DEPLOYMENT_TARGET = 8.3;
				MTL_ENABLE_DEBUG_INFO = NO;
				SDKROOT = iphoneos;
				VALIDATE_PRODUCT = YES;
			};
			name = Release;
		};
		A9167E4F1AEAC10E0071B992 /* Debug */ = {
			isa = XCBuildConfiguration;
			buildSettings = {
				ASSETCATALOG_COMPILER_APPICON_NAME = AppIcon;
				INFOPLIST_FILE = trackandbill_ios/Info.plist;
				LD_RUNPATH_SEARCH_PATHS = "$(inherited) @executable_path/Frameworks";
				PRODUCT_NAME = "$(TARGET_NAME)";
			};
			name = Debug;
		};
		A9167E501AEAC10E0071B992 /* Release */ = {
			isa = XCBuildConfiguration;
			buildSettings = {
				ASSETCATALOG_COMPILER_APPICON_NAME = AppIcon;
				INFOPLIST_FILE = trackandbill_ios/Info.plist;
				LD_RUNPATH_SEARCH_PATHS = "$(inherited) @executable_path/Frameworks";
				PRODUCT_NAME = "$(TARGET_NAME)";
			};
			name = Release;
		};
		A9167E521AEAC10E0071B992 /* Debug */ = {
			isa = XCBuildConfiguration;
			buildSettings = {
				BUNDLE_LOADER = "$(TEST_HOST)";
				FRAMEWORK_SEARCH_PATHS = (
					"$(SDKROOT)/Developer/Library/Frameworks",
					"$(inherited)",
				);
				GCC_PREPROCESSOR_DEFINITIONS = (
					"DEBUG=1",
					"$(inherited)",
				);
				INFOPLIST_FILE = trackandbill_iosTests/Info.plist;
				LD_RUNPATH_SEARCH_PATHS = "$(inherited) @executable_path/Frameworks @loader_path/Frameworks";
				PRODUCT_NAME = "$(TARGET_NAME)";
				TEST_HOST = "$(BUILT_PRODUCTS_DIR)/trackandbill_ios.app/trackandbill_ios";
			};
			name = Debug;
		};
		A9167E531AEAC10E0071B992 /* Release */ = {
			isa = XCBuildConfiguration;
			buildSettings = {
				BUNDLE_LOADER = "$(TEST_HOST)";
				FRAMEWORK_SEARCH_PATHS = (
					"$(SDKROOT)/Developer/Library/Frameworks",
					"$(inherited)",
				);
				INFOPLIST_FILE = trackandbill_iosTests/Info.plist;
				LD_RUNPATH_SEARCH_PATHS = "$(inherited) @executable_path/Frameworks @loader_path/Frameworks";
				PRODUCT_NAME = "$(TARGET_NAME)";
				TEST_HOST = "$(BUILT_PRODUCTS_DIR)/trackandbill_ios.app/trackandbill_ios";
			};
			name = Release;
		};
/* End XCBuildConfiguration section */

/* Begin XCConfigurationList section */
		A9167E231AEAC10D0071B992 /* Build configuration list for PBXProject "trackandbill_ios" */ = {
			isa = XCConfigurationList;
			buildConfigurations = (
				A9167E4C1AEAC10E0071B992 /* Debug */,
				A9167E4D1AEAC10E0071B992 /* Release */,
			);
			defaultConfigurationIsVisible = 0;
			defaultConfigurationName = Release;
		};
		A9167E4E1AEAC10E0071B992 /* Build configuration list for PBXNativeTarget "trackandbill_ios" */ = {
			isa = XCConfigurationList;
			buildConfigurations = (
				A9167E4F1AEAC10E0071B992 /* Debug */,
				A9167E501AEAC10E0071B992 /* Release */,
			);
			defaultConfigurationIsVisible = 0;
		};
		A9167E511AEAC10E0071B992 /* Build configuration list for PBXNativeTarget "trackandbill_iosTests" */ = {
			isa = XCConfigurationList;
			buildConfigurations = (
				A9167E521AEAC10E0071B992 /* Debug */,
				A9167E531AEAC10E0071B992 /* Release */,
			);
			defaultConfigurationIsVisible = 0;
		};
/* End XCConfigurationList section */

/* Begin XCVersionGroup section */
		A9167E321AEAC10E0071B992 /* trackandbill_ios.xcdatamodeld */ = {
			isa = XCVersionGroup;
			children = (
				A9167E331AEAC10E0071B992 /* trackandbill_ios.xcdatamodel */,
			);
			currentVersion = A9167E331AEAC10E0071B992 /* trackandbill_ios.xcdatamodel */;
			path = trackandbill_ios.xcdatamodeld;
			sourceTree = "<group>";
			versionGroupType = wrapper.xcdatamodel;
		};
/* End XCVersionGroup section */
	};
	rootObject = A9167E201AEAC10D0071B992 /* Project object */;
}
